
Microsoft Visual Studio Solution File, Format Version 12.00
# Visual Studio Version 16
VisualStudioVersion = 16.0.30717.126
MinimumVisualStudioVersion = 10.0.40219.1
Project("{888888A0-9F3D-457C-B088-3A5042F75D52}") = "Tuples", "Tuples\Tuples.pyproj", "{EDF9C077-C66A-41CC-8A0B-B0EF6416FB7C}"
EndProject
Global
	GlobalSection(SolutionConfigurationPlatforms) = preSolution
		Debug|Any CPU = Debug|Any CPU
		Release|Any CPU = Release|Any CPU
	EndGlobalSection
	GlobalSection(ProjectConfigurationPlatforms) = postSolution
		{EDF9C077-C66A-41CC-8A0B-B0EF6416FB7C}.Debug|Any CPU.ActiveCfg = Debug|Any CPU
		{EDF9C077-C66A-41CC-8A0B-B0EF6416FB7C}.Release|Any CPU.ActiveCfg = Release|Any CPU
	EndGlobalSection
	GlobalSection(SolutionProperties) = preSolution
		HideSolutionNode = FALSE
	EndGlobalSection
	GlobalSection(ExtensibilityGlobals) = postSolution
		SolutionGuid = {C751F8AE-DD23-42B6-B74F-2BC0AB711AF5}
	EndGlobalSection
EndGlobal
